{
  "name": "backend",
  "lockfileVersion": 3,
  "requires": true,
  "packages": {
    "": {
      "dependencies": {
        "taskflow-monorepo": "file:.."
      }
    },
    "..": {
      "name": "taskflow-monorepo",
      "version": "1.0.0",
      "engines": {
        "node": ">=18.0.0"
      }
    },
    "node_modules/taskflow-monorepo": {
      "resolved": "..",
      "link": true
    }
  }
}
